// !$*UTF8*$!
{
	archiveVersion = 1;
	classes = {
	};
	objectVersion = 55;
	objects = {

/* Begin PBXBuildFile section */
		0425E4DA2924241A003FC556 /* extensions.swift in Sources */ = {isa = PBXBuildFile; fileRef = 0425E4D92924241A003FC556 /* extensions.swift */; };
		04FD72FD2921180B0018F0D2 /* AppDelegate.swift in Sources */ = {isa = PBXBuildFile; fileRef = 04FD72FC2921180B0018F0D2 /* AppDelegate.swift */; };
		04FD72FF2921180B0018F0D2 /* SceneDelegate.swift in Sources */ = {isa = PBXBuildFile; fileRef = 04FD72FE2921180B0018F0D2 /* SceneDelegate.swift */; };
		04FD73012921180B0018F0D2 /* ViewController.swift in Sources */ = {isa = PBXBuildFile; fileRef = 04FD73002921180B0018F0D2 /* ViewController.swift */; };
		04FD73042921180B0018F0D2 /* Main.storyboard in Resources */ = {isa = PBXBuildFile; fileRef = 04FD73022921180B0018F0D2 /* Main.storyboard */; };
		04FD73072921180B0018F0D2 /* Reciepe.xcdatamodeld in Sources */ = {isa = PBXBuildFile; fileRef = 04FD73052921180B0018F0D2 /* Reciepe.xcdatamodeld */; };
		04FD73092921180C0018F0D2 /* Assets.xcassets in Resources */ = {isa = PBXBuildFile; fileRef = 04FD73082921180C0018F0D2 /* Assets.xcassets */; };
		04FD730C2921180C0018F0D2 /* LaunchScreen.storyboard in Resources */ = {isa = PBXBuildFile; fileRef = 04FD730A2921180C0018F0D2 /* LaunchScreen.storyboard */; };
		04FD73172921180C0018F0D2 /* ReciepeTests.swift in Sources */ = {isa = PBXBuildFile; fileRef = 04FD73162921180C0018F0D2 /* ReciepeTests.swift */; };
		04FD73212921180C0018F0D2 /* ReciepeUITests.swift in Sources */ = {isa = PBXBuildFile; fileRef = 04FD73202921180C0018F0D2 /* ReciepeUITests.swift */; };
		04FD73232921180C0018F0D2 /* ReciepeUITestsLaunchTests.swift in Sources */ = {isa = PBXBuildFile; fileRef = 04FD73222921180C0018F0D2 /* ReciepeUITestsLaunchTests.swift */; };
		04FD7334292232A10018F0D2 /* Recipe.swift in Sources */ = {isa = PBXBuildFile; fileRef = 04FD7333292232A10018F0D2 /* Recipe.swift */; };
		04FD7336292233780018F0D2 /* RecipeViewModel.swift in Sources */ = {isa = PBXBuildFile; fileRef = 04FD7335292233780018F0D2 /* RecipeViewModel.swift */; };
		04FD733A292233DC0018F0D2 /* RecipeViewController.swift in Sources */ = {isa = PBXBuildFile; fileRef = 04FD7339292233DC0018F0D2 /* RecipeViewController.swift */; };
		04FD733D292234580018F0D2 /* APIService.swift in Sources */ = {isa = PBXBuildFile; fileRef = 04FD733C292234580018F0D2 /* APIService.swift */; };
		04FD7340292240730018F0D2 /* recipeTableViewCell.swift in Sources */ = {isa = PBXBuildFile; fileRef = 04FD733E292240730018F0D2 /* recipeTableViewCell.swift */; };
		04FD7341292240730018F0D2 /* recipeTableViewCell.xib in Resources */ = {isa = PBXBuildFile; fileRef = 04FD733F292240730018F0D2 /* recipeTableViewCell.xib */; };
		04FD73442922423A0018F0D2 /* Box.swift in Sources */ = {isa = PBXBuildFile; fileRef = 04FD73432922423A0018F0D2 /* Box.swift */; };
		04FD734729226DBF0018F0D2 /* filterCollectionViewCell.swift in Sources */ = {isa = PBXBuildFile; fileRef = 04FD734529226DBF0018F0D2 /* filterCollectionViewCell.swift */; };
		04FD734829226DBF0018F0D2 /* filterCollectionViewCell.xib in Resources */ = {isa = PBXBuildFile; fileRef = 04FD734629226DBF0018F0D2 /* filterCollectionViewCell.xib */; };
		04FD734D292275A90018F0D2 /* UIButtonX.swift in Sources */ = {isa = PBXBuildFile; fileRef = 04FD734A292275A90018F0D2 /* UIButtonX.swift */; };
		04FD734E292275A90018F0D2 /* UITextFieldX.swift in Sources */ = {isa = PBXBuildFile; fileRef = 04FD734B292275A90018F0D2 /* UITextFieldX.swift */; };
		04FD734F292275A90018F0D2 /* UIImageViewX.swift in Sources */ = {isa = PBXBuildFile; fileRef = 04FD734C292275A90018F0D2 /* UIImageViewX.swift */; };
		04FD7351292275BE0018F0D2 /* UIViewX.swift in Sources */ = {isa = PBXBuildFile; fileRef = 04FD7350292275BE0018F0D2 /* UIViewX.swift */; };
		04FD73532922A6240018F0D2 /* recipeDetailViewController.swift in Sources */ = {isa = PBXBuildFile; fileRef = 04FD73522922A6240018F0D2 /* recipeDetailViewController.swift */; };
		04FD73562922AC690018F0D2 /* Constant.swift in Sources */ = {isa = PBXBuildFile; fileRef = 04FD73552922AC690018F0D2 /* Constant.swift */; };
		2D5801A2DEEF24703634377B /* Pods_Reciepe_ReciepeUITests.framework in Frameworks */ = {isa = PBXBuildFile; fileRef = 7FEF4B7CC0A3E05DED23AE68 /* Pods_Reciepe_ReciepeUITests.framework */; };
		99D067FE2AF0A12AB8855738 /* Pods_Reciepe.framework in Frameworks */ = {isa = PBXBuildFile; fileRef = 8219D1A76329FD8AEB13A57D /* Pods_Reciepe.framework */; };
		F4306EF28F33EB480FAF8666 /* Pods_ReciepeTests.framework in Frameworks */ = {isa = PBXBuildFile; fileRef = 2E82DBDF36E0661C40DAC2C5 /* Pods_ReciepeTests.framework */; };
/* End PBXBuildFile section */

/* Begin PBXContainerItemProxy section */
		04FD73132921180C0018F0D2 /* PBXContainerItemProxy */ = {
			isa = PBXContainerItemProxy;
			containerPortal = 04FD72F12921180B0018F0D2 /* Project object */;
			proxyType = 1;
			remoteGlobalIDString = 04FD72F82921180B0018F0D2;
			remoteInfo = Reciepe;
		};
		04FD731D2921180C0018F0D2 /* PBXContainerItemProxy */ = {
			isa = PBXContainerItemProxy;
			containerPortal = 04FD72F12921180B0018F0D2 /* Project object */;
			proxyType = 1;
			remoteGlobalIDString = 04FD72F82921180B0018F0D2;
			remoteInfo = Reciepe;
		};
/* End PBXContainerItemProxy section */

/* Begin PBXFileReference section */
		0425E4D92924241A003FC556 /* extensions.swift */ = {isa = PBXFileReference; lastKnownFileType = sourcecode.swift; path = extensions.swift; sourceTree = "<group>"; };
		04FD72F92921180B0018F0D2 /* Reciepe.app */ = {isa = PBXFileReference; explicitFileType = wrapper.application; includeInIndex = 0; path = Reciepe.app; sourceTree = BUILT_PRODUCTS_DIR; };
		04FD72FC2921180B0018F0D2 /* AppDelegate.swift */ = {isa = PBXFileReference; lastKnownFileType = sourcecode.swift; path = AppDelegate.swift; sourceTree = "<group>"; };
		04FD72FE2921180B0018F0D2 /* SceneDelegate.swift */ = {isa = PBXFileReference; lastKnownFileType = sourcecode.swift; path = SceneDelegate.swift; sourceTree = "<group>"; };
		04FD73002921180B0018F0D2 /* ViewController.swift */ = {isa = PBXFileReference; lastKnownFileType = sourcecode.swift; path = ViewController.swift; sourceTree = "<group>"; };
		04FD73032921180B0018F0D2 /* Base */ = {isa = PBXFileReference; lastKnownFileType = file.storyboard; name = Base; path = Base.lproj/Main.storyboard; sourceTree = "<group>"; };
		04FD73062921180B0018F0D2 /* Reciepe.xcdatamodel */ = {isa = PBXFileReference; lastKnownFileType = wrapper.xcdatamodel; path = Reciepe.xcdatamodel; sourceTree = "<group>"; };
		04FD73082921180C0018F0D2 /* Assets.xcassets */ = {isa = PBXFileReference; lastKnownFileType = folder.assetcatalog; path = Assets.xcassets; sourceTree = "<group>"; };
		04FD730B2921180C0018F0D2 /* Base */ = {isa = PBXFileReference; lastKnownFileType = file.storyboard; name = Base; path = Base.lproj/LaunchScreen.storyboard; sourceTree = "<group>"; };
		04FD730D2921180C0018F0D2 /* Info.plist */ = {isa = PBXFileReference; lastKnownFileType = text.plist.xml; path = Info.plist; sourceTree = "<group>"; };
		04FD73122921180C0018F0D2 /* ReciepeTests.xctest */ = {isa = PBXFileReference; explicitFileType = wrapper.cfbundle; includeInIndex = 0; path = ReciepeTests.xctest; sourceTree = BUILT_PRODUCTS_DIR; };
		04FD73162921180C0018F0D2 /* ReciepeTests.swift */ = {isa = PBXFileReference; lastKnownFileType = sourcecode.swift; path = ReciepeTests.swift; sourceTree = "<group>"; };
		04FD731C2921180C0018F0D2 /* ReciepeUITests.xctest */ = {isa = PBXFileReference; explicitFileType = wrapper.cfbundle; includeInIndex = 0; path = ReciepeUITests.xctest; sourceTree = BUILT_PRODUCTS_DIR; };
		04FD73202921180C0018F0D2 /* ReciepeUITests.swift */ = {isa = PBXFileReference; lastKnownFileType = sourcecode.swift; path = ReciepeUITests.swift; sourceTree = "<group>"; };
		04FD73222921180C0018F0D2 /* ReciepeUITestsLaunchTests.swift */ = {isa = PBXFileReference; lastKnownFileType = sourcecode.swift; path = ReciepeUITestsLaunchTests.swift; sourceTree = "<group>"; };
		04FD7333292232A10018F0D2 /* Recipe.swift */ = {isa = PBXFileReference; lastKnownFileType = sourcecode.swift; path = Recipe.swift; sourceTree = "<group>"; };
		04FD7335292233780018F0D2 /* RecipeViewModel.swift */ = {isa = PBXFileReference; lastKnownFileType = sourcecode.swift; path = RecipeViewModel.swift; sourceTree = "<group>"; };
		04FD7339292233DC0018F0D2 /* RecipeViewController.swift */ = {isa = PBXFileReference; lastKnownFileType = sourcecode.swift; path = RecipeViewController.swift; sourceTree = "<group>"; };
		04FD733C292234580018F0D2 /* APIService.swift */ = {isa = PBXFileReference; lastKnownFileType = sourcecode.swift; path = APIService.swift; sourceTree = "<group>"; };
		04FD733E292240730018F0D2 /* recipeTableViewCell.swift */ = {isa = PBXFileReference; lastKnownFileType = sourcecode.swift; path = recipeTableViewCell.swift; sourceTree = "<group>"; };
		04FD733F292240730018F0D2 /* recipeTableViewCell.xib */ = {isa = PBXFileReference; lastKnownFileType = file.xib; path = recipeTableViewCell.xib; sourceTree = "<group>"; };
		04FD73432922423A0018F0D2 /* Box.swift */ = {isa = PBXFileReference; lastKnownFileType = sourcecode.swift; path = Box.swift; sourceTree = "<group>"; };
		04FD734529226DBF0018F0D2 /* filterCollectionViewCell.swift */ = {isa = PBXFileReference; lastKnownFileType = sourcecode.swift; path = filterCollectionViewCell.swift; sourceTree = "<group>"; };
		04FD734629226DBF0018F0D2 /* filterCollectionViewCell.xib */ = {isa = PBXFileReference; lastKnownFileType = file.xib; path = filterCollectionViewCell.xib; sourceTree = "<group>"; };
		04FD734A292275A90018F0D2 /* UIButtonX.swift */ = {isa = PBXFileReference; fileEncoding = 4; lastKnownFileType = sourcecode.swift; path = UIButtonX.swift; sourceTree = "<group>"; };
		04FD734B292275A90018F0D2 /* UITextFieldX.swift */ = {isa = PBXFileReference; fileEncoding = 4; lastKnownFileType = sourcecode.swift; path = UITextFieldX.swift; sourceTree = "<group>"; };
		04FD734C292275A90018F0D2 /* UIImageViewX.swift */ = {isa = PBXFileReference; fileEncoding = 4; lastKnownFileType = sourcecode.swift; path = UIImageViewX.swift; sourceTree = "<group>"; };
		04FD7350292275BE0018F0D2 /* UIViewX.swift */ = {isa = PBXFileReference; fileEncoding = 4; lastKnownFileType = sourcecode.swift; path = UIViewX.swift; sourceTree = "<group>"; };
		04FD73522922A6240018F0D2 /* recipeDetailViewController.swift */ = {isa = PBXFileReference; lastKnownFileType = sourcecode.swift; path = recipeDetailViewController.swift; sourceTree = "<group>"; };
		04FD73552922AC690018F0D2 /* Constant.swift */ = {isa = PBXFileReference; lastKnownFileType = sourcecode.swift; path = Constant.swift; sourceTree = "<group>"; };
		0CD45CA07929BEAA13DB354B /* Pods-Reciepe-ReciepeUITests.release.xcconfig */ = {isa = PBXFileReference; includeInIndex = 1; lastKnownFileType = text.xcconfig; name = "Pods-Reciepe-ReciepeUITests.release.xcconfig"; path = "Target Support Files/Pods-Reciepe-ReciepeUITests/Pods-Reciepe-ReciepeUITests.release.xcconfig"; sourceTree = "<group>"; };
		1FE557F43BC73835B3B23B7B /* Pods-ReciepeTests.release.xcconfig */ = {isa = PBXFileReference; includeInIndex = 1; lastKnownFileType = text.xcconfig; name = "Pods-ReciepeTests.release.xcconfig"; path = "Target Support Files/Pods-ReciepeTests/Pods-ReciepeTests.release.xcconfig"; sourceTree = "<group>"; };
		2E82DBDF36E0661C40DAC2C5 /* Pods_ReciepeTests.framework */ = {isa = PBXFileReference; explicitFileType = wrapper.framework; includeInIndex = 0; path = Pods_ReciepeTests.framework; sourceTree = BUILT_PRODUCTS_DIR; };
		3F3A5DDAE9B0EF2DD982C1F2 /* Pods-Reciepe.debug.xcconfig */ = {isa = PBXFileReference; includeInIndex = 1; lastKnownFileType = text.xcconfig; name = "Pods-Reciepe.debug.xcconfig"; path = "Target Support Files/Pods-Reciepe/Pods-Reciepe.debug.xcconfig"; sourceTree = "<group>"; };
		4BE06927323EE026A734DDEF /* Pods-Reciepe-ReciepeUITests.debug.xcconfig */ = {isa = PBXFileReference; includeInIndex = 1; lastKnownFileType = text.xcconfig; name = "Pods-Reciepe-ReciepeUITests.debug.xcconfig"; path = "Target Support Files/Pods-Reciepe-ReciepeUITests/Pods-Reciepe-ReciepeUITests.debug.xcconfig"; sourceTree = "<group>"; };
		7FEF4B7CC0A3E05DED23AE68 /* Pods_Reciepe_ReciepeUITests.framework */ = {isa = PBXFileReference; explicitFileType = wrapper.framework; includeInIndex = 0; path = Pods_Reciepe_ReciepeUITests.framework; sourceTree = BUILT_PRODUCTS_DIR; };
		8219D1A76329FD8AEB13A57D /* Pods_Reciepe.framework */ = {isa = PBXFileReference; explicitFileType = wrapper.framework; includeInIndex = 0; path = Pods_Reciepe.framework; sourceTree = BUILT_PRODUCTS_DIR; };
		A1DDE91B582ACA870D2AA872 /* Pods-ReciepeTests.debug.xcconfig */ = {isa = PBXFileReference; includeInIndex = 1; lastKnownFileType = text.xcconfig; name = "Pods-ReciepeTests.debug.xcconfig"; path = "Target Support Files/Pods-ReciepeTests/Pods-ReciepeTests.debug.xcconfig"; sourceTree = "<group>"; };
		E7952D98994EEA66DCD8CCAF /* Pods-Reciepe.release.xcconfig */ = {isa = PBXFileReference; includeInIndex = 1; lastKnownFileType = text.xcconfig; name = "Pods-Reciepe.release.xcconfig"; path = "Target Support Files/Pods-Reciepe/Pods-Reciepe.release.xcconfig"; sourceTree = "<group>"; };
/* End PBXFileReference section */

/* Begin PBXFrameworksBuildPhase section */
		04FD72F62921180B0018F0D2 /* Frameworks */ = {
			isa = PBXFrameworksBuildPhase;
			buildActionMask = 2147483647;
			files = (
				99D067FE2AF0A12AB8855738 /* Pods_Reciepe.framework in Frameworks */,
			);
			runOnlyForDeploymentPostprocessing = 0;
		};
		04FD730F2921180C0018F0D2 /* Frameworks */ = {
			isa = PBXFrameworksBuildPhase;
			buildActionMask = 2147483647;
			files = (
				F4306EF28F33EB480FAF8666 /* Pods_ReciepeTests.framework in Frameworks */,
			);
			runOnlyForDeploymentPostprocessing = 0;
		};
		04FD73192921180C0018F0D2 /* Frameworks */ = {
			isa = PBXFrameworksBuildPhase;
			buildActionMask = 2147483647;
			files = (
				2D5801A2DEEF24703634377B /* Pods_Reciepe_ReciepeUITests.framework in Frameworks */,
			);
			runOnlyForDeploymentPostprocessing = 0;
		};
/* End PBXFrameworksBuildPhase section */

/* Begin PBXGroup section */
		04FD72F02921180B0018F0D2 = {
			isa = PBXGroup;
			children = (
				04FD72FB2921180B0018F0D2 /* Reciepe */,
				04FD73152921180C0018F0D2 /* ReciepeTests */,
				04FD731F2921180C0018F0D2 /* ReciepeUITests */,
				04FD72FA2921180B0018F0D2 /* Products */,
				BDB914DD1BA422FF860C1784 /* Pods */,
				91F177A1FA2B6E26A731352B /* Frameworks */,
			);
			sourceTree = "<group>";
		};
		04FD72FA2921180B0018F0D2 /* Products */ = {
			isa = PBXGroup;
			children = (
				04FD72F92921180B0018F0D2 /* Reciepe.app */,
				04FD73122921180C0018F0D2 /* ReciepeTests.xctest */,
				04FD731C2921180C0018F0D2 /* ReciepeUITests.xctest */,
			);
			name = Products;
			sourceTree = "<group>";
		};
		04FD72FB2921180B0018F0D2 /* Reciepe */ = {
			isa = PBXGroup;
			children = (
				04FD73542922AC580018F0D2 /* Constants */,
				04FD7349292275870018F0D2 /* Utilities */,
				04FD73422922422A0018F0D2 /* Observer */,
				04FD733B2922344A0018F0D2 /* Network */,
				04FD73322921182E0018F0D2 /* Controller */,
				04FD7331292118210018F0D2 /* View */,
				04FD7330292118180018F0D2 /* ViewModel */,
				04FD732F292118140018F0D2 /* Model */,
				04FD72FC2921180B0018F0D2 /* AppDelegate.swift */,
				04FD72FE2921180B0018F0D2 /* SceneDelegate.swift */,
				04FD73002921180B0018F0D2 /* ViewController.swift */,
				04FD73022921180B0018F0D2 /* Main.storyboard */,
				04FD73082921180C0018F0D2 /* Assets.xcassets */,
				04FD730A2921180C0018F0D2 /* LaunchScreen.storyboard */,
				04FD730D2921180C0018F0D2 /* Info.plist */,
				04FD73052921180B0018F0D2 /* Reciepe.xcdatamodeld */,
			);
			path = Reciepe;
			sourceTree = "<group>";
		};
		04FD73152921180C0018F0D2 /* ReciepeTests */ = {
			isa = PBXGroup;
			children = (
				04FD73162921180C0018F0D2 /* ReciepeTests.swift */,
			);
			path = ReciepeTests;
			sourceTree = "<group>";
		};
		04FD731F2921180C0018F0D2 /* ReciepeUITests */ = {
			isa = PBXGroup;
			children = (
				04FD73202921180C0018F0D2 /* ReciepeUITests.swift */,
				04FD73222921180C0018F0D2 /* ReciepeUITestsLaunchTests.swift */,
			);
			path = ReciepeUITests;
			sourceTree = "<group>";
		};
		04FD732F292118140018F0D2 /* Model */ = {
			isa = PBXGroup;
			children = (
				04FD7333292232A10018F0D2 /* Recipe.swift */,
			);
			path = Model;
			sourceTree = "<group>";
		};
		04FD7330292118180018F0D2 /* ViewModel */ = {
			isa = PBXGroup;
			children = (
				04FD7335292233780018F0D2 /* RecipeViewModel.swift */,
			);
			path = ViewModel;
			sourceTree = "<group>";
		};
		04FD7331292118210018F0D2 /* View */ = {
			isa = PBXGroup;
			children = (
				04FD733E292240730018F0D2 /* recipeTableViewCell.swift */,
				04FD733F292240730018F0D2 /* recipeTableViewCell.xib */,
				04FD734529226DBF0018F0D2 /* filterCollectionViewCell.swift */,
				04FD734629226DBF0018F0D2 /* filterCollectionViewCell.xib */,
			);
			path = View;
			sourceTree = "<group>";
		};
		04FD73322921182E0018F0D2 /* Controller */ = {
			isa = PBXGroup;
			children = (
				04FD7339292233DC0018F0D2 /* RecipeViewController.swift */,
				04FD73522922A6240018F0D2 /* recipeDetailViewController.swift */,
			);
			path = Controller;
			sourceTree = "<group>";
		};
		04FD733B2922344A0018F0D2 /* Network */ = {
			isa = PBXGroup;
			children = (
				04FD733C292234580018F0D2 /* APIService.swift */,
			);
			path = Network;
			sourceTree = "<group>";
		};
		04FD73422922422A0018F0D2 /* Observer */ = {
			isa = PBXGroup;
			children = (
				04FD73432922423A0018F0D2 /* Box.swift */,
			);
			path = Observer;
			sourceTree = "<group>";
		};
		04FD7349292275870018F0D2 /* Utilities */ = {
			isa = PBXGroup;
			children = (
				04FD734A292275A90018F0D2 /* UIButtonX.swift */,
				04FD734C292275A90018F0D2 /* UIImageViewX.swift */,
				04FD7350292275BE0018F0D2 /* UIViewX.swift */,
				04FD734B292275A90018F0D2 /* UITextFieldX.swift */,
				0425E4D92924241A003FC556 /* extensions.swift */,
			);
			path = Utilities;
			sourceTree = "<group>";
		};
		04FD73542922AC580018F0D2 /* Constants */ = {
			isa = PBXGroup;
			children = (
				04FD73552922AC690018F0D2 /* Constant.swift */,
			);
			path = Constants;
			sourceTree = "<group>";
		};
		91F177A1FA2B6E26A731352B /* Frameworks */ = {
			isa = PBXGroup;
			children = (
				8219D1A76329FD8AEB13A57D /* Pods_Reciepe.framework */,
				7FEF4B7CC0A3E05DED23AE68 /* Pods_Reciepe_ReciepeUITests.framework */,
				2E82DBDF36E0661C40DAC2C5 /* Pods_ReciepeTests.framework */,
			);
			name = Frameworks;
			sourceTree = "<group>";
		};
		BDB914DD1BA422FF860C1784 /* Pods */ = {
			isa = PBXGroup;
			children = (
				3F3A5DDAE9B0EF2DD982C1F2 /* Pods-Reciepe.debug.xcconfig */,
				E7952D98994EEA66DCD8CCAF /* Pods-Reciepe.release.xcconfig */,
				4BE06927323EE026A734DDEF /* Pods-Reciepe-ReciepeUITests.debug.xcconfig */,
				0CD45CA07929BEAA13DB354B /* Pods-Reciepe-ReciepeUITests.release.xcconfig */,
				A1DDE91B582ACA870D2AA872 /* Pods-ReciepeTests.debug.xcconfig */,
				1FE557F43BC73835B3B23B7B /* Pods-ReciepeTests.release.xcconfig */,
			);
			path = Pods;
			sourceTree = "<group>";
		};
/* End PBXGroup section */

/* Begin PBXNativeTarget section */
		04FD72F82921180B0018F0D2 /* Reciepe */ = {
			isa = PBXNativeTarget;
			buildConfigurationList = 04FD73262921180C0018F0D2 /* Build configuration list for PBXNativeTarget "Reciepe" */;
			buildPhases = (
				3ABE66533C339D7B9A5F242C /* [CP] Check Pods Manifest.lock */,
				04FD72F52921180B0018F0D2 /* Sources */,
				04FD72F62921180B0018F0D2 /* Frameworks */,
				04FD72F72921180B0018F0D2 /* Resources */,
				AE937A220F0212958B889AE9 /* [CP] Embed Pods Frameworks */,
			);
			buildRules = (
			);
			dependencies = (
			);
			name = Reciepe;
			productName = Reciepe;
			productReference = 04FD72F92921180B0018F0D2 /* Reciepe.app */;
			productType = "com.apple.product-type.application";
		};
		04FD73112921180C0018F0D2 /* ReciepeTests */ = {
			isa = PBXNativeTarget;
			buildConfigurationList = 04FD73292921180C0018F0D2 /* Build configuration list for PBXNativeTarget "ReciepeTests" */;
			buildPhases = (
				6EAD9B31BE43525799BECCDF /* [CP] Check Pods Manifest.lock */,
				04FD730E2921180C0018F0D2 /* Sources */,
				04FD730F2921180C0018F0D2 /* Frameworks */,
				04FD73102921180C0018F0D2 /* Resources */,
			);
			buildRules = (
			);
			dependencies = (
				04FD73142921180C0018F0D2 /* PBXTargetDependency */,
			);
			name = ReciepeTests;
			productName = ReciepeTests;
			productReference = 04FD73122921180C0018F0D2 /* ReciepeTests.xctest */;
			productType = "com.apple.product-type.bundle.unit-test";
		};
		04FD731B2921180C0018F0D2 /* ReciepeUITests */ = {
			isa = PBXNativeTarget;
			buildConfigurationList = 04FD732C2921180C0018F0D2 /* Build configuration list for PBXNativeTarget "ReciepeUITests" */;
			buildPhases = (
				9EC3CE4E36D3F499F62E6B8A /* [CP] Check Pods Manifest.lock */,
				04FD73182921180C0018F0D2 /* Sources */,
				04FD73192921180C0018F0D2 /* Frameworks */,
				04FD731A2921180C0018F0D2 /* Resources */,
				0351C8D8D80E015FD465F393 /* [CP] Embed Pods Frameworks */,
			);
			buildRules = (
			);
			dependencies = (
				04FD731E2921180C0018F0D2 /* PBXTargetDependency */,
			);
			name = ReciepeUITests;
			productName = ReciepeUITests;
			productReference = 04FD731C2921180C0018F0D2 /* ReciepeUITests.xctest */;
			productType = "com.apple.product-type.bundle.ui-testing";
		};
/* End PBXNativeTarget section */

/* Begin PBXProject section */
		04FD72F12921180B0018F0D2 /* Project object */ = {
			isa = PBXProject;
			attributes = {
				BuildIndependentTargetsInParallel = 1;
				LastSwiftUpdateCheck = 1340;
				LastUpgradeCheck = 1340;
				TargetAttributes = {
					04FD72F82921180B0018F0D2 = {
						CreatedOnToolsVersion = 13.4.1;
					};
					04FD73112921180C0018F0D2 = {
						CreatedOnToolsVersion = 13.4.1;
						TestTargetID = 04FD72F82921180B0018F0D2;
					};
					04FD731B2921180C0018F0D2 = {
						CreatedOnToolsVersion = 13.4.1;
						TestTargetID = 04FD72F82921180B0018F0D2;
					};
				};
			};
			buildConfigurationList = 04FD72F42921180B0018F0D2 /* Build configuration list for PBXProject "Reciepe" */;
			compatibilityVersion = "Xcode 13.0";
			developmentRegion = en;
			hasScannedForEncodings = 0;
			knownRegions = (
				en,
				Base,
			);
			mainGroup = 04FD72F02921180B0018F0D2;
			productRefGroup = 04FD72FA2921180B0018F0D2 /* Products */;
			projectDirPath = "";
			projectRoot = "";
			targets = (
				04FD72F82921180B0018F0D2 /* Reciepe */,
				04FD73112921180C0018F0D2 /* ReciepeTests */,
				04FD731B2921180C0018F0D2 /* ReciepeUITests */,
			);
		};
/* End PBXProject section */

/* Begin PBXResourcesBuildPhase section */
		04FD72F72921180B0018F0D2 /* Resources */ = {
			isa = PBXResourcesBuildPhase;
			buildActionMask = 2147483647;
			files = (
				04FD730C2921180C0018F0D2 /* LaunchScreen.storyboard in Resources */,
				04FD73092921180C0018F0D2 /* Assets.xcassets in Resources */,
				04FD73042921180B0018F0D2 /* Main.storyboard in Resources */,
				04FD734829226DBF0018F0D2 /* filterCollectionViewCell.xib in Resources */,
				04FD7341292240730018F0D2 /* recipeTableViewCell.xib in Resources */,
			);
			runOnlyForDeploymentPostprocessing = 0;
		};
		04FD73102921180C0018F0D2 /* Resources */ = {
			isa = PBXResourcesBuildPhase;
			buildActionMask = 2147483647;
			files = (
			);
			runOnlyForDeploymentPostprocessing = 0;
		};
		04FD731A2921180C0018F0D2 /* Resources */ = {
			isa = PBXResourcesBuildPhase;
			buildActionMask = 2147483647;
			files = (
			);
			runOnlyForDeploymentPostprocessing = 0;
		};
/* End PBXResourcesBuildPhase section */

/* Begin PBXShellScriptBuildPhase section */
		0351C8D8D80E015FD465F393 /* [CP] Embed Pods Frameworks */ = {
			isa = PBXShellScriptBuildPhase;
			buildActionMask = 2147483647;
			files = (
			);
			inputFileListPaths = (
				"${PODS_ROOT}/Target Support Files/Pods-Reciepe-ReciepeUITests/Pods-Reciepe-ReciepeUITests-frameworks-${CONFIGURATION}-input-files.xcfilelist",
			);
			name = "[CP] Embed Pods Frameworks";
			outputFileListPaths = (
				"${PODS_ROOT}/Target Support Files/Pods-Reciepe-ReciepeUITests/Pods-Reciepe-ReciepeUITests-frameworks-${CONFIGURATION}-output-files.xcfilelist",
			);
			runOnlyForDeploymentPostprocessing = 0;
			shellPath = /bin/sh;
			shellScript = "\"${PODS_ROOT}/Target Support Files/Pods-Reciepe-ReciepeUITests/Pods-Reciepe-ReciepeUITests-frameworks.sh\"\n";
			showEnvVarsInLog = 0;
		};
		3ABE66533C339D7B9A5F242C /* [CP] Check Pods Manifest.lock */ = {
			isa = PBXShellScriptBuildPhase;
			buildActionMask = 2147483647;
			files = (
			);
			inputFileListPaths = (
			);
			inputPaths = (
				"${PODS_PODFILE_DIR_PATH}/Podfile.lock",
				"${PODS_ROOT}/Manifest.lock",
			);
			name = "[CP] Check Pods Manifest.lock";
			outputFileListPaths = (
			);
			outputPaths = (
				"$(DERIVED_FILE_DIR)/Pods-Reciepe-checkManifestLockResult.txt",
			);
			runOnlyForDeploymentPostprocessing = 0;
			shellPath = /bin/sh;
			shellScript = "diff \"${PODS_PODFILE_DIR_PATH}/Podfile.lock\" \"${PODS_ROOT}/Manifest.lock\" > /dev/null\nif [ $? != 0 ] ; then\n    # print error to STDERR\n    echo \"error: The sandbox is not in sync with the Podfile.lock. Run 'pod install' or update your CocoaPods installation.\" >&2\n    exit 1\nfi\n# This output is used by Xcode 'outputs' to avoid re-running this script phase.\necho \"SUCCESS\" > \"${SCRIPT_OUTPUT_FILE_0}\"\n";
			showEnvVarsInLog = 0;
		};
		6EAD9B31BE43525799BECCDF /* [CP] Check Pods Manifest.lock */ = {
			isa = PBXShellScriptBuildPhase;
			buildActionMask = 2147483647;
			files = (
			);
			inputFileListPaths = (
			);
			inputPaths = (
				"${PODS_PODFILE_DIR_PATH}/Podfile.lock",
				"${PODS_ROOT}/Manifest.lock",
			);
			name = "[CP] Check Pods Manifest.lock";
			outputFileListPaths = (
			);
			outputPaths = (
				"$(DERIVED_FILE_DIR)/Pods-ReciepeTests-checkManifestLockResult.txt",
			);
			runOnlyForDeploymentPostprocessing = 0;
			shellPath = /bin/sh;
			shellScript = "diff \"${PODS_PODFILE_DIR_PATH}/Podfile.lock\" \"${PODS_ROOT}/Manifest.lock\" > /dev/null\nif [ $? != 0 ] ; then\n    # print error to STDERR\n    echo \"error: The sandbox is not in sync with the Podfile.lock. Run 'pod install' or update your CocoaPods installation.\" >&2\n    exit 1\nfi\n# This output is used by Xcode 'outputs' to avoid re-running this script phase.\necho \"SUCCESS\" > \"${SCRIPT_OUTPUT_FILE_0}\"\n";
			showEnvVarsInLog = 0;
		};
		9EC3CE4E36D3F499F62E6B8A /* [CP] Check Pods Manifest.lock */ = {
			isa = PBXShellScriptBuildPhase;
			buildActionMask = 2147483647;
			files = (
			);
			inputFileListPaths = (
			);
			inputPaths = (
				"${PODS_PODFILE_DIR_PATH}/Podfile.lock",
				"${PODS_ROOT}/Manifest.lock",
			);
			name = "[CP] Check Pods Manifest.lock";
			outputFileListPaths = (
			);
			outputPaths = (
				"$(DERIVED_FILE_DIR)/Pods-Reciepe-ReciepeUITests-checkManifestLockResult.txt",
			);
			runOnlyForDeploymentPostprocessing = 0;
			shellPath = /bin/sh;
			shellScript = "diff \"${PODS_PODFILE_DIR_PATH}/Podfile.lock\" \"${PODS_ROOT}/Manifest.lock\" > /dev/null\nif [ $? != 0 ] ; then\n    # print error to STDERR\n    echo \"error: The sandbox is not in sync with the Podfile.lock. Run 'pod install' or update your CocoaPods installation.\" >&2\n    exit 1\nfi\n# This output is used by Xcode 'outputs' to avoid re-running this script phase.\necho \"SUCCESS\" > \"${SCRIPT_OUTPUT_FILE_0}\"\n";
			showEnvVarsInLog = 0;
		};
		AE937A220F0212958B889AE9 /* [CP] Embed Pods Frameworks */ = {
			isa = PBXShellScriptBuildPhase;
			buildActionMask = 2147483647;
			files = (
			);
			inputFileListPaths = (
				"${PODS_ROOT}/Target Support Files/Pods-Reciepe/Pods-Reciepe-frameworks-${CONFIGURATION}-input-files.xcfilelist",
			);
			name = "[CP] Embed Pods Frameworks";
			outputFileListPaths = (
				"${PODS_ROOT}/Target Support Files/Pods-Reciepe/Pods-Reciepe-frameworks-${CONFIGURATION}-output-files.xcfilelist",
			);
			runOnlyForDeploymentPostprocessing = 0;
			shellPath = /bin/sh;
			shellScript = "\"${PODS_ROOT}/Target Support Files/Pods-Reciepe/Pods-Reciepe-frameworks.sh\"\n";
			showEnvVarsInLog = 0;
		};
/* End PBXShellScriptBuildPhase section */

/* Begin PBXSourcesBuildPhase section */
		04FD72F52921180B0018F0D2 /* Sources */ = {
			isa = PBXSourcesBuildPhase;
			buildActionMask = 2147483647;
			files = (
				04FD73012921180B0018F0D2 /* ViewController.swift in Sources */,
				04FD73562922AC690018F0D2 /* Constant.swift in Sources */,
				04FD73072921180B0018F0D2 /* Reciepe.xcdatamodeld in Sources */,
				04FD7340292240730018F0D2 /* recipeTableViewCell.swift in Sources */,
				04FD733A292233DC0018F0D2 /* RecipeViewController.swift in Sources */,
				0425E4DA2924241A003FC556 /* extensions.swift in Sources */,
				04FD72FD2921180B0018F0D2 /* AppDelegate.swift in Sources */,
				04FD734E292275A90018F0D2 /* UITextFieldX.swift in Sources */,
				04FD7334292232A10018F0D2 /* Recipe.swift in Sources */,
				04FD73442922423A0018F0D2 /* Box.swift in Sources */,
				04FD7351292275BE0018F0D2 /* UIViewX.swift in Sources */,
				04FD7336292233780018F0D2 /* RecipeViewModel.swift in Sources */,
				04FD73532922A6240018F0D2 /* recipeDetailViewController.swift in Sources */,
				04FD734D292275A90018F0D2 /* UIButtonX.swift in Sources */,
				04FD733D292234580018F0D2 /* APIService.swift in Sources */,
				04FD734F292275A90018F0D2 /* UIImageViewX.swift in Sources */,
				04FD734729226DBF0018F0D2 /* filterCollectionViewCell.swift in Sources */,
				04FD72FF2921180B0018F0D2 /* SceneDelegate.swift in Sources */,
			);
			runOnlyForDeploymentPostprocessing = 0;
		};
		04FD730E2921180C0018F0D2 /* Sources */ = {
			isa = PBXSourcesBuildPhase;
			buildActionMask = 2147483647;
			files = (
				04FD73172921180C0018F0D2 /* ReciepeTests.swift in Sources */,
			);
			runOnlyForDeploymentPostprocessing = 0;
		};
		04FD73182921180C0018F0D2 /* Sources */ = {
			isa = PBXSourcesBuildPhase;
			buildActionMask = 2147483647;
			files = (
				04FD73232921180C0018F0D2 /* ReciepeUITestsLaunchTests.swift in Sources */,
				04FD73212921180C0018F0D2 /* ReciepeUITests.swift in Sources */,
			);
			runOnlyForDeploymentPostprocessing = 0;
		};
/* End PBXSourcesBuildPhase section */

/* Begin PBXTargetDependency section */
		04FD73142921180C0018F0D2 /* PBXTargetDependency */ = {
			isa = PBXTargetDependency;
			target = 04FD72F82921180B0018F0D2 /* Reciepe */;
			targetProxy = 04FD73132921180C0018F0D2 /* PBXContainerItemProxy */;
		};
		04FD731E2921180C0018F0D2 /* PBXTargetDependency */ = {
			isa = PBXTargetDependency;
			target = 04FD72F82921180B0018F0D2 /* Reciepe */;
			targetProxy = 04FD731D2921180C0018F0D2 /* PBXContainerItemProxy */;
		};
/* End PBXTargetDependency section */

/* Begin PBXVariantGroup section */
		04FD73022921180B0018F0D2 /* Main.storyboard */ = {
			isa = PBXVariantGroup;
			children = (
				04FD73032921180B0018F0D2 /* Base */,
			);
			name = Main.storyboard;
			sourceTree = "<group>";
		};
		04FD730A2921180C0018F0D2 /* LaunchScreen.storyboard */ = {
			isa = PBXVariantGroup;
			children = (
				04FD730B2921180C0018F0D2 /* Base */,
			);
			name = LaunchScreen.storyboard;
			sourceTree = "<group>";
		};
/* End PBXVariantGroup section */

/* Begin XCBuildConfiguration section */
		04FD73242921180C0018F0D2 /* Debug */ = {
			isa = XCBuildConfiguration;
			buildSettings = {
				ALWAYS_SEARCH_USER_PATHS = NO;
				CLANG_ANALYZER_NONNULL = YES;
				CLANG_ANALYZER_NUMBER_OBJECT_CONVERSION = YES_AGGRESSIVE;
				CLANG_CXX_LANGUAGE_STANDARD = "gnu++17";
				CLANG_ENABLE_MODULES = YES;
				CLANG_ENABLE_OBJC_ARC = YES;
				CLANG_ENABLE_OBJC_WEAK = YES;
				CLANG_WARN_BLOCK_CAPTURE_AUTORELEASING = YES;
				CLANG_WARN_BOOL_CONVERSION = YES;
				CLANG_WARN_COMMA = YES;
				CLANG_WARN_CONSTANT_CONVERSION = YES;
				CLANG_WARN_DEPRECATED_OBJC_IMPLEMENTATIONS = YES;
				CLANG_WARN_DIRECT_OBJC_ISA_USAGE = YES_ERROR;
				CLANG_WARN_DOCUMENTATION_COMMENTS = YES;
				CLANG_WARN_EMPTY_BODY = YES;
				CLANG_WARN_ENUM_CONVERSION = YES;
				CLANG_WARN_INFINITE_RECURSION = YES;
				CLANG_WARN_INT_CONVERSION = YES;
				CLANG_WARN_NON_LITERAL_NULL_CONVERSION = YES;
				CLANG_WARN_OBJC_IMPLICIT_RETAIN_SELF = YES;
				CLANG_WARN_OBJC_LITERAL_CONVERSION = YES;
				CLANG_WARN_OBJC_ROOT_CLASS = YES_ERROR;
				CLANG_WARN_QUOTED_INCLUDE_IN_FRAMEWORK_HEADER = YES;
				CLANG_WARN_RANGE_LOOP_ANALYSIS = YES;
				CLANG_WARN_STRICT_PROTOTYPES = YES;
				CLANG_WARN_SUSPICIOUS_MOVE = YES;
				CLANG_WARN_UNGUARDED_AVAILABILITY = YES_AGGRESSIVE;
				CLANG_WARN_UNREACHABLE_CODE = YES;
				CLANG_WARN__DUPLICATE_METHOD_MATCH = YES;
				COPY_PHASE_STRIP = NO;
				DEBUG_INFORMATION_FORMAT = dwarf;
				ENABLE_STRICT_OBJC_MSGSEND = YES;
				ENABLE_TESTABILITY = YES;
				GCC_C_LANGUAGE_STANDARD = gnu11;
				GCC_DYNAMIC_NO_PIC = NO;
				GCC_NO_COMMON_BLOCKS = YES;
				GCC_OPTIMIZATION_LEVEL = 0;
				GCC_PREPROCESSOR_DEFINITIONS = (
					"DEBUG=1",
					"$(inherited)",
				);
				GCC_WARN_64_TO_32_BIT_CONVERSION = YES;
				GCC_WARN_ABOUT_RETURN_TYPE = YES_ERROR;
				GCC_WARN_UNDECLARED_SELECTOR = YES;
				GCC_WARN_UNINITIALIZED_AUTOS = YES_AGGRESSIVE;
				GCC_WARN_UNUSED_FUNCTION = YES;
				GCC_WARN_UNUSED_VARIABLE = YES;
				IPHONEOS_DEPLOYMENT_TARGET = 15.5;
				MTL_ENABLE_DEBUG_INFO = INCLUDE_SOURCE;
				MTL_FAST_MATH = YES;
				ONLY_ACTIVE_ARCH = YES;
				SDKROOT = iphoneos;
				SWIFT_ACTIVE_COMPILATION_CONDITIONS = DEBUG;
				SWIFT_OPTIMIZATION_LEVEL = "-Onone";
			};
			name = Debug;
		};
		04FD73252921180C0018F0D2 /* Release */ = {
			isa = XCBuildConfiguration;
			buildSettings = {
				ALWAYS_SEARCH_USER_PATHS = NO;
				CLANG_ANALYZER_NONNULL = YES;
				CLANG_ANALYZER_NUMBER_OBJECT_CONVERSION = YES_AGGRESSIVE;
				CLANG_CXX_LANGUAGE_STANDARD = "gnu++17";
				CLANG_ENABLE_MODULES = YES;
				CLANG_ENABLE_OBJC_ARC = YES;
				CLANG_ENABLE_OBJC_WEAK = YES;
				CLANG_WARN_BLOCK_CAPTURE_AUTORELEASING = YES;
				CLANG_WARN_BOOL_CONVERSION = YES;
				CLANG_WARN_COMMA = YES;
				CLANG_WARN_CONSTANT_CONVERSION = YES;
				CLANG_WARN_DEPRECATED_OBJC_IMPLEMENTATIONS = YES;
				CLANG_WARN_DIRECT_OBJC_ISA_USAGE = YES_ERROR;
				CLANG_WARN_DOCUMENTATION_COMMENTS = YES;
				CLANG_WARN_EMPTY_BODY = YES;
				CLANG_WARN_ENUM_CONVERSION = YES;
				CLANG_WARN_INFINITE_RECURSION = YES;
				CLANG_WARN_INT_CONVERSION = YES;
				CLANG_WARN_NON_LITERAL_NULL_CONVERSION = YES;
				CLANG_WARN_OBJC_IMPLICIT_RETAIN_SELF = YES;
				CLANG_WARN_OBJC_LITERAL_CONVERSION = YES;
				CLANG_WARN_OBJC_ROOT_CLASS = YES_ERROR;
				CLANG_WARN_QUOTED_INCLUDE_IN_FRAMEWORK_HEADER = YES;
				CLANG_WARN_RANGE_LOOP_ANALYSIS = YES;
				CLANG_WARN_STRICT_PROTOTYPES = YES;
				CLANG_WARN_SUSPICIOUS_MOVE = YES;
				CLANG_WARN_UNGUARDED_AVAILABILITY = YES_AGGRESSIVE;
				CLANG_WARN_UNREACHABLE_CODE = YES;
				CLANG_WARN__DUPLICATE_METHOD_MATCH = YES;
				COPY_PHASE_STRIP = NO;
				DEBUG_INFORMATION_FORMAT = "dwarf-with-dsym";
				ENABLE_NS_ASSERTIONS = NO;
				ENABLE_STRICT_OBJC_MSGSEND = YES;
				GCC_C_LANGUAGE_STANDARD = gnu11;
				GCC_NO_COMMON_BLOCKS = YES;
				GCC_WARN_64_TO_32_BIT_CONVERSION = YES;
				GCC_WARN_ABOUT_RETURN_TYPE = YES_ERROR;
				GCC_WARN_UNDECLARED_SELECTOR = YES;
				GCC_WARN_UNINITIALIZED_AUTOS = YES_AGGRESSIVE;
				GCC_WARN_UNUSED_FUNCTION = YES;
				GCC_WARN_UNUSED_VARIABLE = YES;
				IPHONEOS_DEPLOYMENT_TARGET = 15.5;
				MTL_ENABLE_DEBUG_INFO = NO;
				MTL_FAST_MATH = YES;
				SDKROOT = iphoneos;
				SWIFT_COMPILATION_MODE = wholemodule;
				SWIFT_OPTIMIZATION_LEVEL = "-O";
				VALIDATE_PRODUCT = YES;
			};
			name = Release;
		};
		04FD73272921180C0018F0D2 /* Debug */ = {
			isa = XCBuildConfiguration;
			baseConfigurationReference = 3F3A5DDAE9B0EF2DD982C1F2 /* Pods-Reciepe.debug.xcconfig */;
			buildSettings = {
				ASSETCATALOG_COMPILER_APPICON_NAME = AppIcon;
				ASSETCATALOG_COMPILER_GLOBAL_ACCENT_COLOR_NAME = AccentColor;
				CODE_SIGN_STYLE = Automatic;
				CURRENT_PROJECT_VERSION = 1;
				DEVELOPMENT_TEAM = LCD84ACBQF;
				GENERATE_INFOPLIST_FILE = YES;
				INFOPLIST_FILE = Reciepe/Info.plist;
				INFOPLIST_KEY_UIApplicationSupportsIndirectInputEvents = YES;
				INFOPLIST_KEY_UILaunchStoryboardName = LaunchScreen;
				INFOPLIST_KEY_UIMainStoryboardFile = Main;
				INFOPLIST_KEY_UISupportedInterfaceOrientations_iPad = "UIInterfaceOrientationPortrait UIInterfaceOrientationPortraitUpsideDown UIInterfaceOrientationLandscapeLeft UIInterfaceOrientationLandscapeRight";
				INFOPLIST_KEY_UISupportedInterfaceOrientations_iPhone = "UIInterfaceOrientationPortrait UIInterfaceOrientationLandscapeLeft UIInterfaceOrientationLandscapeRight";
				LD_RUNPATH_SEARCH_PATHS = (
					"$(inherited)",
					"@executable_path/Frameworks",
				);
				MARKETING_VERSION = 1.0;
				PRODUCT_BUNDLE_IDENTIFIER = codegrow.Reciepe;
				PRODUCT_NAME = "$(TARGET_NAME)";
				SWIFT_EMIT_LOC_STRINGS = YES;
				SWIFT_VERSION = 5.0;
				TARGETED_DEVICE_FAMILY = "1,2";
			};
			name = Debug;
		};
		04FD73282921180C0018F0D2 /* Release */ = {
			isa = XCBuildConfiguration;
			baseConfigurationReference = E7952D98994EEA66DCD8CCAF /* Pods-Reciepe.release.xcconfig */;
			buildSettings = {
				ASSETCATALOG_COMPILER_APPICON_NAME = AppIcon;
				ASSETCATALOG_COMPILER_GLOBAL_ACCENT_COLOR_NAME = AccentColor;
				CODE_SIGN_STYLE = Automatic;
				CURRENT_PROJECT_VERSION = 1;
				DEVELOPMENT_TEAM = LCD84ACBQF;
				GENERATE_INFOPLIST_FILE = YES;
				INFOPLIST_FILE = Reciepe/Info.plist;
				INFOPLIST_KEY_UIApplicationSupportsIndirectInputEvents = YES;
				INFOPLIST_KEY_UILaunchStoryboardName = LaunchScreen;
				INFOPLIST_KEY_UIMainStoryboardFile = Main;
				INFOPLIST_KEY_UISupportedInterfaceOrientations_iPad = "UIInterfaceOrientationPortrait UIInterfaceOrientationPortraitUpsideDown UIInterfaceOrientationLandscapeLeft UIInterfaceOrientationLandscapeRight";
				INFOPLIST_KEY_UISupportedInterfaceOrientations_iPhone = "UIInterfaceOrientationPortrait UIInterfaceOrientationLandscapeLeft UIInterfaceOrientationLandscapeRight";
				LD_RUNPATH_SEARCH_PATHS = (
					"$(inherited)",
					"@executable_path/Frameworks",
				);
				MARKETING_VERSION = 1.0;
				PRODUCT_BUNDLE_IDENTIFIER = codegrow.Reciepe;
				PRODUCT_NAME = "$(TARGET_NAME)";
				SWIFT_EMIT_LOC_STRINGS = YES;
				SWIFT_VERSION = 5.0;
				TARGETED_DEVICE_FAMILY = "1,2";
			};
			name = Release;
		};
		04FD732A2921180C0018F0D2 /* Debug */ = {
			isa = XCBuildConfiguration;
			baseConfigurationReference = A1DDE91B582ACA870D2AA872 /* Pods-ReciepeTests.debug.xcconfig */;
			buildSettings = {
				ALWAYS_EMBED_SWIFT_STANDARD_LIBRARIES = YES;
				BUNDLE_LOADER = "$(TEST_HOST)";
				CODE_SIGN_STYLE = Automatic;
				CURRENT_PROJECT_VERSION = 1;
				DEVELOPMENT_TEAM = LCD84ACBQF;
				GENERATE_INFOPLIST_FILE = YES;
				IPHONEOS_DEPLOYMENT_TARGET = 15.5;
				MARKETING_VERSION = 1.0;
				PRODUCT_BUNDLE_IDENTIFIER = codegrow.ReciepeTests;
				PRODUCT_NAME = "$(TARGET_NAME)";
				SWIFT_EMIT_LOC_STRINGS = NO;
				SWIFT_VERSION = 5.0;
				TARGETED_DEVICE_FAMILY = "1,2";
				TEST_HOST = "$(BUILT_PRODUCTS_DIR)/Reciepe.app/Reciepe";
			};
			name = Debug;
		};
		04FD732B2921180C0018F0D2 /* Release */ = {
			isa = XCBuildConfiguration;
			baseConfigurationReference = 1FE557F43BC73835B3B23B7B /* Pods-ReciepeTests.release.xcconfig */;
			buildSettings = {
				ALWAYS_EMBED_SWIFT_STANDARD_LIBRARIES = YES;
				BUNDLE_LOADER = "$(TEST_HOST)";
				CODE_SIGN_STYLE = Automatic;
				CURRENT_PROJECT_VERSION = 1;
				DEVELOPMENT_TEAM = LCD84ACBQF;
				GENERATE_INFOPLIST_FILE = YES;
				IPHONEOS_DEPLOYMENT_TARGET = 15.5;
				MARKETING_VERSION = 1.0;
				PRODUCT_BUNDLE_IDENTIFIER = codegrow.ReciepeTests;
				PRODUCT_NAME = "$(TARGET_NAME)";
				SWIFT_EMIT_LOC_STRINGS = NO;
				SWIFT_VERSION = 5.0;
				TARGETED_DEVICE_FAMILY = "1,2";
				TEST_HOST = "$(BUILT_PRODUCTS_DIR)/Reciepe.app/Reciepe";
			};
			name = Release;
		};
		04FD732D2921180C0018F0D2 /* Debug */ = {
			isa = XCBuildConfiguration;
			baseConfigurationReference = 4BE06927323EE026A734DDEF /* Pods-Reciepe-ReciepeUITests.debug.xcconfig */;
			buildSettings = {
				ALWAYS_EMBED_SWIFT_STANDARD_LIBRARIES = YES;
				CODE_SIGN_STYLE = Automatic;
				CURRENT_PROJECT_VERSION = 1;
				DEVELOPMENT_TEAM = LCD84ACBQF;
				GENERATE_INFOPLIST_FILE = YES;
				MARKETING_VERSION = 1.0;
				PRODUCT_BUNDLE_IDENTIFIER = codegrow.ReciepeUITests;
				PRODUCT_NAME = "$(TARGET_NAME)";
				SWIFT_EMIT_LOC_STRINGS = NO;
				SWIFT_VERSION = 5.0;
				TARGETED_DEVICE_FAMILY = "1,2";
				TEST_TARGET_NAME = Reciepe;
			};
			name = Debug;
		};
		04FD732E2921180C0018F0D2 /* Release */ = {
			isa = XCBuildConfiguration;
			baseConfigurationReference = 0CD45CA07929BEAA13DB354B /* Pods-Reciepe-ReciepeUITests.release.xcconfig */;
			buildSettings = {
				ALWAYS_EMBED_SWIFT_STANDARD_LIBRARIES = YES;
				CODE_SIGN_STYLE = Automatic;
				CURRENT_PROJECT_VERSION = 1;
				DEVELOPMENT_TEAM = LCD84ACBQF;
				GENERATE_INFOPLIST_FILE = YES;
				MARKETING_VERSION = 1.0;
				PRODUCT_BUNDLE_IDENTIFIER = codegrow.ReciepeUITests;
				PRODUCT_NAME = "$(TARGET_NAME)";
				SWIFT_EMIT_LOC_STRINGS = NO;
				SWIFT_VERSION = 5.0;
				TARGETED_DEVICE_FAMILY = "1,2";
				TEST_TARGET_NAME = Reciepe;
			};
			name = Release;
		};
/* End XCBuildConfiguration section */

/* Begin XCConfigurationList section */
		04FD72F42921180B0018F0D2 /* Build configuration list for PBXProject "Reciepe" */ = {
			isa = XCConfigurationList;
			buildConfigurations = (
				04FD73242921180C0018F0D2 /* Debug */,
				04FD73252921180C0018F0D2 /* Release */,
			);
			defaultConfigurationIsVisible = 0;
			defaultConfigurationName = Release;
		};
		04FD73262921180C0018F0D2 /* Build configuration list for PBXNativeTarget "Reciepe" */ = {
			isa = XCConfigurationList;
			buildConfigurations = (
				04FD73272921180C0018F0D2 /* Debug */,
				04FD73282921180C0018F0D2 /* Release */,
			);
			defaultConfigurationIsVisible = 0;
			defaultConfigurationName = Release;
		};
		04FD73292921180C0018F0D2 /* Build configuration list for PBXNativeTarget "ReciepeTests" */ = {
			isa = XCConfigurationList;
			buildConfigurations = (
				04FD732A2921180C0018F0D2 /* Debug */,
				04FD732B2921180C0018F0D2 /* Release */,
			);
			defaultConfigurationIsVisible = 0;
			defaultConfigurationName = Release;
		};
		04FD732C2921180C0018F0D2 /* Build configuration list for PBXNativeTarget "ReciepeUITests" */ = {
			isa = XCConfigurationList;
			buildConfigurations = (
				04FD732D2921180C0018F0D2 /* Debug */,
				04FD732E2921180C0018F0D2 /* Release */,
			);
			defaultConfigurationIsVisible = 0;
			defaultConfigurationName = Release;
		};
/* End XCConfigurationList section */

/* Begin XCVersionGroup section */
		04FD73052921180B0018F0D2 /* Reciepe.xcdatamodeld */ = {
			isa = XCVersionGroup;
			children = (
				04FD73062921180B0018F0D2 /* Reciepe.xcdatamodel */,
			);
			currentVersion = 04FD73062921180B0018F0D2 /* Reciepe.xcdatamodel */;
			path = Reciepe.xcdatamodeld;
			sourceTree = "<group>";
			versionGroupType = wrapper.xcdatamodel;
		};
/* End XCVersionGroup section */
	};
	rootObject = 04FD72F12921180B0018F0D2 /* Project object */;
}
